// !$*UTF8*$!
{
	archiveVersion = 1;
	classes = {
	};
	objectVersion = 56;
	objects = {

/* Begin PBXBuildFile section */
		6B14CD292AD81BF40010CE4A /* DrumPadApp.swift in Sources */ = {isa = PBXBuildFile; fileRef = 6B14CD282AD81BF40010CE4A /* DrumPadApp.swift */; };
		6B14CD2B2AD81BF40010CE4A /* ContentView.swift in Sources */ = {isa = PBXBuildFile; fileRef = 6B14CD2A2AD81BF40010CE4A /* ContentView.swift */; };
		6B14CD2D2AD81BF60010CE4A /* Assets.xcassets in Resources */ = {isa = PBXBuildFile; fileRef = 6B14CD2C2AD81BF60010CE4A /* Assets.xcassets */; };
		6B14CD302AD81BF60010CE4A /* Preview Assets.xcassets in Resources */ = {isa = PBXBuildFile; fileRef = 6B14CD2F2AD81BF60010CE4A /* Preview Assets.xcassets */; };
		6B14CD382AD81C330010CE4A /* drumSimp.exs in Resources */ = {isa = PBXBuildFile; fileRef = 6B14CD372AD81C330010CE4A /* drumSimp.exs */; };
		6B14CD3C2AD81C7D0010CE4A /* AudioKit in Frameworks */ = {isa = PBXBuildFile; productRef = 6B14CD3B2AD81C7D0010CE4A /* AudioKit */; };
		6B14CD3E2AD821CE0010CE4A /* Console Output in Resources */ = {isa = PBXBuildFile; fileRef = 6B14CD3D2AD821CE0010CE4A /* Console Output */; };
/* End PBXBuildFile section */

/* Begin PBXFileReference section */
		6B14CD252AD81BF40010CE4A /* DrumPad.app */ = {isa = PBXFileReference; explicitFileType = wrapper.application; includeInIndex = 0; path = DrumPad.app; sourceTree = BUILT_PRODUCTS_DIR; };
		6B14CD282AD81BF40010CE4A /* DrumPadApp.swift */ = {isa = PBXFileReference; lastKnownFileType = sourcecode.swift; path = DrumPadApp.swift; sourceTree = "<group>"; };
		6B14CD2A2AD81BF40010CE4A /* ContentView.swift */ = {isa = PBXFileReference; lastKnownFileType = sourcecode.swift; path = ContentView.swift; sourceTree = "<group>"; };
		6B14CD2C2AD81BF60010CE4A /* Assets.xcassets */ = {isa = PBXFileReference; lastKnownFileType = folder.assetcatalog; path = Assets.xcassets; sourceTree = "<group>"; };
		6B14CD2F2AD81BF60010CE4A /* Preview Assets.xcassets */ = {isa = PBXFileReference; lastKnownFileType = folder.assetcatalog; path = "Preview Assets.xcassets"; sourceTree = "<group>"; };
		6B14CD372AD81C330010CE4A /* drumSimp.exs */ = {isa = PBXFileReference; lastKnownFileType = file; path = drumSimp.exs; sourceTree = "<group>"; };
		6B14CD392AD81C630010CE4A /* Info.plist */ = {isa = PBXFileReference; lastKnownFileType = text.plist; path = Info.plist; sourceTree = "<group>"; };
		6B14CD3D2AD821CE0010CE4A /* Console Output */ = {isa = PBXFileReference; lastKnownFileType = text; path = "Console Output"; sourceTree = "<group>"; };
/* End PBXFileReference section */

/* Begin PBXFrameworksBuildPhase section */
		6B14CD222AD81BF40010CE4A /* Frameworks */ = {
			isa = PBXFrameworksBuildPhase;
			buildActionMask = 2147483647;
			files = (
				6B14CD3C2AD81C7D0010CE4A /* AudioKit in Frameworks */,
			);
			runOnlyForDeploymentPostprocessing = 0;
		};
/* End PBXFrameworksBuildPhase section */

/* Begin PBXGroup section */
		6B14CD1C2AD81BF40010CE4A = {
			isa = PBXGroup;
			children = (
				6B14CD272AD81BF40010CE4A /* DrumPad */,
				6B14CD262AD81BF40010CE4A /* Products */,
			);
			sourceTree = "<group>";
		};
		6B14CD262AD81BF40010CE4A /* Products */ = {
			isa = PBXGroup;
			children = (
				6B14CD252AD81BF40010CE4A /* DrumPad.app */,
			);
			name = Products;
			sourceTree = "<group>";
		};
		6B14CD272AD81BF40010CE4A /* DrumPad */ = {
			isa = PBXGroup;
			children = (
				6B14CD392AD81C630010CE4A /* Info.plist */,
				6B14CD362AD81C1C0010CE4A /* Sounds */,
				6B14CD282AD81BF40010CE4A /* DrumPadApp.swift */,
				6B14CD2A2AD81BF40010CE4A /* ContentView.swift */,
				6B14CD2C2AD81BF60010CE4A /* Assets.xcassets */,
				6B14CD2E2AD81BF60010CE4A /* Preview Content */,
				6B14CD3D2AD821CE0010CE4A /* Console Output */,
			);
			path = DrumPad;
			sourceTree = "<group>";
		};
		6B14CD2E2AD81BF60010CE4A /* Preview Content */ = {
			isa = PBXGroup;
			children = (
				6B14CD2F2AD81BF60010CE4A /* Preview Assets.xcassets */,
			);
			path = "Preview Content";
			sourceTree = "<group>";
		};
		6B14CD362AD81C1C0010CE4A /* Sounds */ = {
			isa = PBXGroup;
			children = (
				6B14CD372AD81C330010CE4A /* drumSimp.exs */,
			);
			path = Sounds;
			sourceTree = "<group>";
		};
/* End PBXGroup section */

/* Begin PBXNativeTarget section */
		6B14CD242AD81BF40010CE4A /* DrumPad */ = {
			isa = PBXNativeTarget;
			buildConfigurationList = 6B14CD332AD81BF60010CE4A /* Build configuration list for PBXNativeTarget "DrumPad" */;
			buildPhases = (
				6B14CD212AD81BF40010CE4A /* Sources */,
				6B14CD222AD81BF40010CE4A /* Frameworks */,
				6B14CD232AD81BF40010CE4A /* Resources */,
			);
			buildRules = (
			);
			dependencies = (
			);
			name = DrumPad;
			packageProductDependencies = (
				6B14CD3B2AD81C7D0010CE4A /* AudioKit */,
			);
			productName = DrumPad;
			productReference = 6B14CD252AD81BF40010CE4A /* DrumPad.app */;
			productType = "com.apple.product-type.application";
		};
/* End PBXNativeTarget section */

/* Begin PBXProject section */
		6B14CD1D2AD81BF40010CE4A /* Project object */ = {
			isa = PBXProject;
			attributes = {
				BuildIndependentTargetsInParallel = 1;
				LastSwiftUpdateCheck = 1500;
				LastUpgradeCheck = 1500;
				TargetAttributes = {
					6B14CD242AD81BF40010CE4A = {
						CreatedOnToolsVersion = 15.0;
					};
				};
			};
			buildConfigurationList = 6B14CD202AD81BF40010CE4A /* Build configuration list for PBXProject "DrumPad" */;
			compatibilityVersion = "Xcode 14.0";
			developmentRegion = en;
			hasScannedForEncodings = 0;
			knownRegions = (
				en,
				Base,
			);
			mainGroup = 6B14CD1C2AD81BF40010CE4A;
			packageReferences = (
				6B14CD3A2AD81C7D0010CE4A /* XCRemoteSwiftPackageReference "AudioKit" */,
			);
			productRefGroup = 6B14CD262AD81BF40010CE4A /* Products */;
			projectDirPath = "";
			projectRoot = "";
			targets = (
				6B14CD242AD81BF40010CE4A /* DrumPad */,
			);
		};
/* End PBXProject section */

/* Begin PBXResourcesBuildPhase section */
		6B14CD232AD81BF40010CE4A /* Resources */ = {
			isa = PBXResourcesBuildPhase;
			buildActionMask = 2147483647;
			files = (
				6B14CD302AD81BF60010CE4A /* Preview Assets.xcassets in Resources */,
				6B14CD2D2AD81BF60010CE4A /* Assets.xcassets in Resources */,
				6B14CD3E2AD821CE0010CE4A /* Console Output in Resources */,
				6B14CD382AD81C330010CE4A /* drumSimp.exs in Resources */,
			);
			runOnlyForDeploymentPostprocessing = 0;
		};
/* End PBXResourcesBuildPhase section */

/* Begin PBXSourcesBuildPhase section */
		6B14CD212AD81BF40010CE4A /* Sources */ = {
			isa = PBXSourcesBuildPhase;
			buildActionMask = 2147483647;
			files = (
				6B14CD2B2AD81BF40010CE4A /* ContentView.swift in Sources */,
				6B14CD292AD81BF40010CE4A /* DrumPadApp.swift in Sources */,
			);
			runOnlyForDeploymentPostprocessing = 0;
		};
/* End PBXSourcesBuildPhase section */

/* Begin XCBuildConfiguration section */
		6B14CD312AD81BF60010CE4A /* Debug */ = {
			isa = XCBuildConfiguration;
			buildSettings = {
				ALWAYS_SEARCH_USER_PATHS = NO;
				ASSETCATALOG_COMPILER_GENERATE_SWIFT_ASSET_SYMBOL_EXTENSIONS = YES;
				CLANG_ANALYZER_NONNULL = YES;
				CLANG_ANALYZER_NUMBER_OBJECT_CONVERSION = YES_AGGRESSIVE;
				CLANG_CXX_LANGUAGE_STANDARD = "gnu++20";
				CLANG_ENABLE_MODULES = YES;
				CLANG_ENABLE_OBJC_ARC = YES;
				CLANG_ENABLE_OBJC_WEAK = YES;
				CLANG_WARN_BLOCK_CAPTURE_AUTORELEASING = YES;
				CLANG_WARN_BOOL_CONVERSION = YES;
				CLANG_WARN_COMMA = YES;
				CLANG_WARN_CONSTANT_CONVERSION = YES;
				CLANG_WARN_DEPRECATED_OBJC_IMPLEMENTATIONS = YES;
				CLANG_WARN_DIRECT_OBJC_ISA_USAGE = YES_ERROR;
				CLANG_WARN_DOCUMENTATION_COMMENTS = YES;
				CLANG_WARN_EMPTY_BODY = YES;
				CLANG_WARN_ENUM_CONVERSION = YES;
				CLANG_WARN_INFINITE_RECURSION = YES;
				CLANG_WARN_INT_CONVERSION = YES;
				CLANG_WARN_NON_LITERAL_NULL_CONVERSION = YES;
				CLANG_WARN_OBJC_IMPLICIT_RETAIN_SELF = YES;
				CLANG_WARN_OBJC_LITERAL_CONVERSION = YES;
				CLANG_WARN_OBJC_ROOT_CLASS = YES_ERROR;
				CLANG_WARN_QUOTED_INCLUDE_IN_FRAMEWORK_HEADER = YES;
				CLANG_WARN_RANGE_LOOP_ANALYSIS = YES;
				CLANG_WARN_STRICT_PROTOTYPES = YES;
				CLANG_WARN_SUSPICIOUS_MOVE = YES;
				CLANG_WARN_UNGUARDED_AVAILABILITY = YES_AGGRESSIVE;
				CLANG_WARN_UNREACHABLE_CODE = YES;
				CLANG_WARN__DUPLICATE_METHOD_MATCH = YES;
				COPY_PHASE_STRIP = NO;
				DEBUG_INFORMATION_FORMAT = dwarf;
				ENABLE_STRICT_OBJC_MSGSEND = YES;
				ENABLE_TESTABILITY = YES;
				ENABLE_USER_SCRIPT_SANDBOXING = YES;
				GCC_C_LANGUAGE_STANDARD = gnu17;
				GCC_DYNAMIC_NO_PIC = NO;
				GCC_NO_COMMON_BLOCKS = YES;
				GCC_OPTIMIZATION_LEVEL = 0;
				GCC_PREPROCESSOR_DEFINITIONS = (
					"DEBUG=1",
					"$(inherited)",
				);
				GCC_WARN_64_TO_32_BIT_CONVERSION = YES;
				GCC_WARN_ABOUT_RETURN_TYPE = YES_ERROR;
				GCC_WARN_UNDECLARED_SELECTOR = YES;
				GCC_WARN_UNINITIALIZED_AUTOS = YES_AGGRESSIVE;
				GCC_WARN_UNUSED_FUNCTION = YES;
				GCC_WARN_UNUSED_VARIABLE = YES;
				IPHONEOS_DEPLOYMENT_TARGET = 17.0;
				LOCALIZATION_PREFERS_STRING_CATALOGS = YES;
				MTL_ENABLE_DEBUG_INFO = INCLUDE_SOURCE;
				MTL_FAST_MATH = YES;
				ONLY_ACTIVE_ARCH = YES;
				SDKROOT = iphoneos;
				SWIFT_ACTIVE_COMPILATION_CONDITIONS = "DEBUG $(inherited)";
				SWIFT_OPTIMIZATION_LEVEL = "-Onone";
			};
			name = Debug;
		};
		6B14CD322AD81BF60010CE4A /* Release */ = {
			isa = XCBuildConfiguration;
			buildSettings = {
				ALWAYS_SEARCH_USER_PATHS = NO;
				ASSETCATALOG_COMPILER_GENERATE_SWIFT_ASSET_SYMBOL_EXTENSIONS = YES;
				CLANG_ANALYZER_NONNULL = YES;
				CLANG_ANALYZER_NUMBER_OBJECT_CONVERSION = YES_AGGRESSIVE;
				CLANG_CXX_LANGUAGE_STANDARD = "gnu++20";
				CLANG_ENABLE_MODULES = YES;
				CLANG_ENABLE_OBJC_ARC = YES;
				CLANG_ENABLE_OBJC_WEAK = YES;
				CLANG_WARN_BLOCK_CAPTURE_AUTORELEASING = YES;
				CLANG_WARN_BOOL_CONVERSION = YES;
				CLANG_WARN_COMMA = YES;
				CLANG_WARN_CONSTANT_CONVERSION = YES;
				CLANG_WARN_DEPRECATED_OBJC_IMPLEMENTATIONS = YES;
				CLANG_WARN_DIRECT_OBJC_ISA_USAGE = YES_ERROR;
				CLANG_WARN_DOCUMENTATION_COMMENTS = YES;
				CLANG_WARN_EMPTY_BODY = YES;
				CLANG_WARN_ENUM_CONVERSION = YES;
				CLANG_WARN_INFINITE_RECURSION = YES;
				CLANG_WARN_INT_CONVERSION = YES;
				CLANG_WARN_NON_LITERAL_NULL_CONVERSION = YES;
				CLANG_WARN_OBJC_IMPLICIT_RETAIN_SELF = YES;
				CLANG_WARN_OBJC_LITERAL_CONVERSION = YES;
				CLANG_WARN_OBJC_ROOT_CLASS = YES_ERROR;
				CLANG_WARN_QUOTED_INCLUDE_IN_FRAMEWORK_HEADER = YES;
				CLANG_WARN_RANGE_LOOP_ANALYSIS = YES;
				CLANG_WARN_STRICT_PROTOTYPES = YES;
				CLANG_WARN_SUSPICIOUS_MOVE = YES;
				CLANG_WARN_UNGUARDED_AVAILABILITY = YES_AGGRESSIVE;
				CLANG_WARN_UNREACHABLE_CODE = YES;
				CLANG_WARN__DUPLICATE_METHOD_MATCH = YES;
				COPY_PHASE_STRIP = NO;
				DEBUG_INFORMATION_FORMAT = "dwarf-with-dsym";
				ENABLE_NS_ASSERTIONS = NO;
				ENABLE_STRICT_OBJC_MSGSEND = YES;
				ENABLE_USER_SCRIPT_SANDBOXING = YES;
				GCC_C_LANGUAGE_STANDARD = gnu17;
				GCC_NO_COMMON_BLOCKS = YES;
				GCC_WARN_64_TO_32_BIT_CONVERSION = YES;
				GCC_WARN_ABOUT_RETURN_TYPE = YES_ERROR;
				GCC_WARN_UNDECLARED_SELECTOR = YES;
				GCC_WARN_UNINITIALIZED_AUTOS = YES_AGGRESSIVE;
				GCC_WARN_UNUSED_FUNCTION = YES;
				GCC_WARN_UNUSED_VARIABLE = YES;
				IPHONEOS_DEPLOYMENT_TARGET = 17.0;
				LOCALIZATION_PREFERS_STRING_CATALOGS = YES;
				MTL_ENABLE_DEBUG_INFO = NO;
				MTL_FAST_MATH = YES;
				SDKROOT = iphoneos;
				SWIFT_COMPILATION_MODE = wholemodule;
				VALIDATE_PRODUCT = YES;
			};
			name = Release;
		};
		6B14CD342AD81BF60010CE4A /* Debug */ = {
			isa = XCBuildConfiguration;
			buildSettings = {
				ASSETCATALOG_COMPILER_APPICON_NAME = AppIcon;
				ASSETCATALOG_COMPILER_GLOBAL_ACCENT_COLOR_NAME = AccentColor;
				CODE_SIGN_STYLE = Automatic;
				CURRENT_PROJECT_VERSION = 1;
				DEVELOPMENT_ASSET_PATHS = "\"DrumPad/Preview Content\"";
				DEVELOPMENT_TEAM = 2FHUSX76Z9;
				ENABLE_PREVIEWS = YES;
				GENERATE_INFOPLIST_FILE = YES;
				INFOPLIST_FILE = DrumPad/Info.plist;
				INFOPLIST_KEY_UIApplicationSceneManifest_Generation = YES;
				INFOPLIST_KEY_UIApplicationSupportsIndirectInputEvents = YES;
				INFOPLIST_KEY_UILaunchScreen_Generation = YES;
				INFOPLIST_KEY_UISupportedInterfaceOrientations_iPad = "UIInterfaceOrientationPortrait UIInterfaceOrientationPortraitUpsideDown UIInterfaceOrientationLandscapeLeft UIInterfaceOrientationLandscapeRight";
				INFOPLIST_KEY_UISupportedInterfaceOrientations_iPhone = "UIInterfaceOrientationPortrait UIInterfaceOrientationLandscapeLeft UIInterfaceOrientationLandscapeRight";
				IPHONEOS_DEPLOYMENT_TARGET = 16.0;
				LD_RUNPATH_SEARCH_PATHS = (
					"$(inherited)",
					"@executable_path/Frameworks",
				);
				MARKETING_VERSION = 1.0;
				PRODUCT_BUNDLE_IDENTIFIER = com.xenonapps.DrumPad;
				PRODUCT_NAME = "$(TARGET_NAME)";
				SWIFT_EMIT_LOC_STRINGS = YES;
				SWIFT_VERSION = 5.0;
				TARGETED_DEVICE_FAMILY = "1,2";
			};
			name = Debug;
		};
		6B14CD352AD81BF60010CE4A /* Release */ = {
			isa = XCBuildConfiguration;
			buildSettings = {
				ASSETCATALOG_COMPILER_APPICON_NAME = AppIcon;
				ASSETCATALOG_COMPILER_GLOBAL_ACCENT_COLOR_NAME = AccentColor;
				CODE_SIGN_STYLE = Automatic;
				CURRENT_PROJECT_VERSION = 1;
				DEVELOPMENT_ASSET_PATHS = "\"DrumPad/Preview Content\"";
				DEVELOPMENT_TEAM = 2FHUSX76Z9;
				ENABLE_PREVIEWS = YES;
				GENERATE_INFOPLIST_FILE = YES;
				INFOPLIST_FILE = DrumPad/Info.plist;
				INFOPLIST_KEY_UIApplicationSceneManifest_Generation = YES;
				INFOPLIST_KEY_UIApplicationSupportsIndirectInputEvents = YES;
				INFOPLIST_KEY_UILaunchScreen_Generation = YES;
				INFOPLIST_KEY_UISupportedInterfaceOrientations_iPad = "UIInterfaceOrientationPortrait UIInterfaceOrientationPortraitUpsideDown UIInterfaceOrientationLandscapeLeft UIInterfaceOrientationLandscapeRight";
				INFOPLIST_KEY_UISupportedInterfaceOrientations_iPhone = "UIInterfaceOrientationPortrait UIInterfaceOrientationLandscapeLeft UIInterfaceOrientationLandscapeRight";
				IPHONEOS_DEPLOYMENT_TARGET = 16.0;
				LD_RUNPATH_SEARCH_PATHS = (
					"$(inherited)",
					"@executable_path/Frameworks",
				);
				MARKETING_VERSION = 1.0;
				PRODUCT_BUNDLE_IDENTIFIER = com.xenonapps.DrumPad;
				PRODUCT_NAME = "$(TARGET_NAME)";
				SWIFT_EMIT_LOC_STRINGS = YES;
				SWIFT_VERSION = 5.0;
				TARGETED_DEVICE_FAMILY = "1,2";
			};
			name = Release;
		};
/* End XCBuildConfiguration section */

/* Begin XCConfigurationList section */
		6B14CD202AD81BF40010CE4A /* Build configuration list for PBXProject "DrumPad" */ = {
			isa = XCConfigurationList;
			buildConfigurations = (
				6B14CD312AD81BF60010CE4A /* Debug */,
				6B14CD322AD81BF60010CE4A /* Release */,
			);
			defaultConfigurationIsVisible = 0;
			defaultConfigurationName = Release;
		};
		6B14CD332AD81BF60010CE4A /* Build configuration list for PBXNativeTarget "DrumPad" */ = {
			isa = XCConfigurationList;
			buildConfigurations = (
				6B14CD342AD81BF60010CE4A /* Debug */,
				6B14CD352AD81BF60010CE4A /* Release */,
			);
			defaultConfigurationIsVisible = 0;
			defaultConfigurationName = Release;
		};
/* End XCConfigurationList section */

/* Begin XCRemoteSwiftPackageReference section */
		6B14CD3A2AD81C7D0010CE4A /* XCRemoteSwiftPackageReference "AudioKit" */ = {
			isa = XCRemoteSwiftPackageReference;
			repositoryURL = "https://github.com/AudioKit/AudioKit.git";
			requirement = {
				kind = upToNextMajorVersion;
				minimumVersion = 5.6.1;
			};
		};
/* End XCRemoteSwiftPackageReference section */

/* Begin XCSwiftPackageProductDependency section */
		6B14CD3B2AD81C7D0010CE4A /* AudioKit */ = {
			isa = XCSwiftPackageProductDependency;
			package = 6B14CD3A2AD81C7D0010CE4A /* XCRemoteSwiftPackageReference "AudioKit" */;
			productName = AudioKit;
		};
/* End XCSwiftPackageProductDependency section */
	};
	rootObject = 6B14CD1D2AD81BF40010CE4A /* Project object */;
}
